
Microsoft Visual Studio Solution File, Format Version 12.00
# Visual Studio Version 17
VisualStudioVersion = 17.0.32112.339
MinimumVisualStudioVersion = 10.0.40219.1
Project("{9A19103F-16F7-4668-BE54-9A1E7A4F7556}") = "DN.LOG.LIBRARY", "DN.LOG.LIBRARY\DN.LOG.LIBRARY.csproj", "{773D1C6B-6BBF-45C2-9A50-73BEFAC32BDE}"
EndProject
Project("{9A19103F-16F7-4668-BE54-9A1E7A4F7556}") = "DN.LOG.LIBRARY.TEST", "DN.LOG.LIBRARY.TEST\DN.LOG.LIBRARY.TEST.csproj", "{BE9C4BD9-11C8-47A5-92E5-6F5A29BF9CF6}"
EndProject
Global
	GlobalSection(SolutionConfigurationPlatforms) = preSolution
		Debug|Any CPU = Debug|Any CPU
		Debug|x64 = Debug|x64
		Release|Any CPU = Release|Any CPU
		Release|x64 = Release|x64
	EndGlobalSection
	GlobalSection(ProjectConfigurationPlatforms) = postSolution
		{773D1C6B-6BBF-45C2-9A50-73BEFAC32BDE}.Debug|Any CPU.ActiveCfg = Debug|Any CPU
		{773D1C6B-6BBF-45C2-9A50-73BEFAC32BDE}.Debug|Any CPU.Build.0 = Debug|Any CPU
		{773D1C6B-6BBF-45C2-9A50-73BEFAC32BDE}.Debug|x64.ActiveCfg = Debug|x64
		{773D1C6B-6BBF-45C2-9A50-73BEFAC32BDE}.Debug|x64.Build.0 = Debug|x64
		{773D1C6B-6BBF-45C2-9A50-73BEFAC32BDE}.Release|Any CPU.ActiveCfg = Release|Any CPU
		{773D1C6B-6BBF-45C2-9A50-73BEFAC32BDE}.Release|Any CPU.Build.0 = Release|Any CPU
		{773D1C6B-6BBF-45C2-9A50-73BEFAC32BDE}.Release|x64.ActiveCfg = Release|x64
		{773D1C6B-6BBF-45C2-9A50-73BEFAC32BDE}.Release|x64.Build.0 = Release|x64
		{BE9C4BD9-11C8-47A5-92E5-6F5A29BF9CF6}.Debug|Any CPU.ActiveCfg = Debug|Any CPU
		{BE9C4BD9-11C8-47A5-92E5-6F5A29BF9CF6}.Debug|Any CPU.Build.0 = Debug|Any CPU
		{BE9C4BD9-11C8-47A5-92E5-6F5A29BF9CF6}.Debug|x64.ActiveCfg = Debug|x64
		{BE9C4BD9-11C8-47A5-92E5-6F5A29BF9CF6}.Release|Any CPU.ActiveCfg = Release|Any CPU
		{BE9C4BD9-11C8-47A5-92E5-6F5A29BF9CF6}.Release|Any CPU.Build.0 = Release|Any CPU
		{BE9C4BD9-11C8-47A5-92E5-6F5A29BF9CF6}.Release|x64.ActiveCfg = Release|Any CPU
		{BE9C4BD9-11C8-47A5-92E5-6F5A29BF9CF6}.Release|x64.Build.0 = Release|Any CPU
	EndGlobalSection
	GlobalSection(SolutionProperties) = preSolution
		HideSolutionNode = FALSE
	EndGlobalSection
	GlobalSection(ExtensibilityGlobals) = postSolution
		SolutionGuid = {703FA25F-5A71-4371-8C20-14C9B5227983}
	EndGlobalSection
EndGlobal
